// !$*UTF8*$!
{
	archiveVersion = 1;
	classes = {
	};
	objectVersion = 46;
	objects = {

/* Begin PBXBuildFile section */
		3B0EEA721C5D375D00286F1D /* main.m in Sources */ = {isa = PBXBuildFile; fileRef = 3B0EEA711C5D375D00286F1D /* main.m */; };
		3B0EEA751C5D375D00286F1D /* AppDelegate.m in Sources */ = {isa = PBXBuildFile; fileRef = 3B0EEA741C5D375D00286F1D /* AppDelegate.m */; };
		3B0EEA781C5D375D00286F1D /* ViewController.m in Sources */ = {isa = PBXBuildFile; fileRef = 3B0EEA771C5D375D00286F1D /* ViewController.m */; };
		3B0EEA7B1C5D375D00286F1D /* Main.storyboard in Resources */ = {isa = PBXBuildFile; fileRef = 3B0EEA791C5D375D00286F1D /* Main.storyboard */; };
		3B0EEA7D1C5D375D00286F1D /* Assets.xcassets in Resources */ = {isa = PBXBuildFile; fileRef = 3B0EEA7C1C5D375D00286F1D /* Assets.xcassets */; };
		3B0EEA801C5D375D00286F1D /* LaunchScreen.storyboard in Resources */ = {isa = PBXBuildFile; fileRef = 3B0EEA7E1C5D375D00286F1D /* LaunchScreen.storyboard */; };
		3B0EEA8A1C5D376D00286F1D /* GlowLayer.m in Sources */ = {isa = PBXBuildFile; fileRef = 3B0EEA891C5D376D00286F1D /* GlowLayer.m */; };
		3B0EEA8C1C5D378100286F1D /* demo.png in Resources */ = {isa = PBXBuildFile; fileRef = 3B0EEA8B1C5D378100286F1D /* demo.png */; };
/* End PBXBuildFile section */

/* Begin PBXFileReference section */
		3B0EEA6D1C5D375D00286F1D /* GlowView.app */ = {isa = PBXFileReference; explicitFileType = wrapper.application; includeInIndex = 0; path = GlowView.app; sourceTree = BUILT_PRODUCTS_DIR; };
		3B0EEA711C5D375D00286F1D /* main.m */ = {isa = PBXFileReference; lastKnownFileType = sourcecode.c.objc; path = main.m; sourceTree = "<group>"; };
		3B0EEA731C5D375D00286F1D /* AppDelegate.h */ = {isa = PBXFileReference; lastKnownFileType = sourcecode.c.h; path = AppDelegate.h; sourceTree = "<group>"; };
		3B0EEA741C5D375D00286F1D /* AppDelegate.m */ = {isa = PBXFileReference; lastKnownFileType = sourcecode.c.objc; path = AppDelegate.m; sourceTree = "<group>"; };
		3B0EEA761C5D375D00286F1D /* ViewController.h */ = {isa = PBXFileReference; lastKnownFileType = sourcecode.c.h; path = ViewController.h; sourceTree = "<group>"; };
		3B0EEA771C5D375D00286F1D /* ViewController.m */ = {isa = PBXFileReference; lastKnownFileType = sourcecode.c.objc; path = ViewController.m; sourceTree = "<group>"; };
		3B0EEA7A1C5D375D00286F1D /* Base */ = {isa = PBXFileReference; lastKnownFileType = file.storyboard; name = Base; path = Base.lproj/Main.storyboard; sourceTree = "<group>"; };
		3B0EEA7C1C5D375D00286F1D /* Assets.xcassets */ = {isa = PBXFileReference; lastKnownFileType = folder.assetcatalog; path = Assets.xcassets; sourceTree = "<group>"; };
		3B0EEA7F1C5D375D00286F1D /* Base */ = {isa = PBXFileReference; lastKnownFileType = file.storyboard; name = Base; path = Base.lproj/LaunchScreen.storyboard; sourceTree = "<group>"; };
		3B0EEA811C5D375D00286F1D /* Info.plist */ = {isa = PBXFileReference; lastKnownFileType = text.plist.xml; path = Info.plist; sourceTree = "<group>"; };
		3B0EEA881C5D376D00286F1D /* GlowLayer.h */ = {isa = PBXFileReference; fileEncoding = 4; lastKnownFileType = sourcecode.c.h; path = GlowLayer.h; sourceTree = "<group>"; };
		3B0EEA891C5D376D00286F1D /* GlowLayer.m */ = {isa = PBXFileReference; fileEncoding = 4; lastKnownFileType = sourcecode.c.objc; path = GlowLayer.m; sourceTree = "<group>"; };
		3B0EEA8B1C5D378100286F1D /* demo.png */ = {isa = PBXFileReference; lastKnownFileType = image.png; path = demo.png; sourceTree = "<group>"; };
/* End PBXFileReference section */

/* Begin PBXFrameworksBuildPhase section */
		3B0EEA6A1C5D375D00286F1D /* Frameworks */ = {
			isa = PBXFrameworksBuildPhase;
			buildActionMask = 2147483647;
			files = (
			);
			runOnlyForDeploymentPostprocessing = 0;
		};
/* End PBXFrameworksBuildPhase section */

/* Begin PBXGroup section */
		3B0EEA641C5D375D00286F1D = {
			isa = PBXGroup;
			children = (
				3B0EEA6F1C5D375D00286F1D /* GlowView */,
				3B0EEA6E1C5D375D00286F1D /* Products */,
			);
			sourceTree = "<group>";
		};
		3B0EEA6E1C5D375D00286F1D /* Products */ = {
			isa = PBXGroup;
			children = (
				3B0EEA6D1C5D375D00286F1D /* GlowView.app */,
			);
			name = Products;
			sourceTree = "<group>";
		};
		3B0EEA6F1C5D375D00286F1D /* GlowView */ = {
			isa = PBXGroup;
			children = (
				3B0EEA731C5D375D00286F1D /* AppDelegate.h */,
				3B0EEA741C5D375D00286F1D /* AppDelegate.m */,
				3B0EEA761C5D375D00286F1D /* ViewController.h */,
				3B0EEA771C5D375D00286F1D /* ViewController.m */,
				3B0EEA791C5D375D00286F1D /* Main.storyboard */,
				3B0EEA871C5D376D00286F1D /* GlowLayer */,
				3B0EEA7C1C5D375D00286F1D /* Assets.xcassets */,
				3B0EEA7E1C5D375D00286F1D /* LaunchScreen.storyboard */,
				3B0EEA811C5D375D00286F1D /* Info.plist */,
				3B0EEA8B1C5D378100286F1D /* demo.png */,
				3B0EEA701C5D375D00286F1D /* Supporting Files */,
			);
			path = GlowView;
			sourceTree = "<group>";
		};
		3B0EEA701C5D375D00286F1D /* Supporting Files */ = {
			isa = PBXGroup;
			children = (
				3B0EEA711C5D375D00286F1D /* main.m */,
			);
			name = "Supporting Files";
			sourceTree = "<group>";
		};
		3B0EEA871C5D376D00286F1D /* GlowLayer */ = {
			isa = PBXGroup;
			children = (
				3B0EEA881C5D376D00286F1D /* GlowLayer.h */,
				3B0EEA891C5D376D00286F1D /* GlowLayer.m */,
			);
			path = GlowLayer;
			sourceTree = "<group>";
		};
/* End PBXGroup section */

/* Begin PBXNativeTarget section */
		3B0EEA6C1C5D375D00286F1D /* GlowView */ = {
			isa = PBXNativeTarget;
			buildConfigurationList = 3B0EEA841C5D375D00286F1D /* Build configuration list for PBXNativeTarget "GlowView" */;
			buildPhases = (
				3B0EEA691C5D375D00286F1D /* Sources */,
				3B0EEA6A1C5D375D00286F1D /* Frameworks */,
				3B0EEA6B1C5D375D00286F1D /* Resources */,
			);
			buildRules = (
			);
			dependencies = (
			);
			name = GlowView;
			productName = GlowView;
			productReference = 3B0EEA6D1C5D375D00286F1D /* GlowView.app */;
			productType = "com.apple.product-type.application";
		};
/* End PBXNativeTarget section */

/* Begin PBXProject section */
		3B0EEA651C5D375D00286F1D /* Project object */ = {
			isa = PBXProject;
			attributes = {
				LastUpgradeCheck = 0720;
				ORGANIZATIONNAME = HEYANG;
				TargetAttributes = {
					3B0EEA6C1C5D375D00286F1D = {
						CreatedOnToolsVersion = 7.2;
						DevelopmentTeam = D96KWVMP74;
					};
				};
			};
			buildConfigurationList = 3B0EEA681C5D375D00286F1D /* Build configuration list for PBXProject "GlowView" */;
			compatibilityVersion = "Xcode 3.2";
			developmentRegion = English;
			hasScannedForEncodings = 0;
			knownRegions = (
				en,
				Base,
			);
			mainGroup = 3B0EEA641C5D375D00286F1D;
			productRefGroup = 3B0EEA6E1C5D375D00286F1D /* Products */;
			projectDirPath = "";
			projectRoot = "";
			targets = (
				3B0EEA6C1C5D375D00286F1D /* GlowView */,
			);
		};
/* End PBXProject section */

/* Begin PBXResourcesBuildPhase section */
		3B0EEA6B1C5D375D00286F1D /* Resources */ = {
			isa = PBXResourcesBuildPhase;
			buildActionMask = 2147483647;
			files = (
				3B0EEA8C1C5D378100286F1D /* demo.png in Resources */,
				3B0EEA801C5D375D00286F1D /* LaunchScreen.storyboard in Resources */,
				3B0EEA7D1C5D375D00286F1D /* Assets.xcassets in Resources */,
				3B0EEA7B1C5D375D00286F1D /* Main.storyboard in Resources */,
			);
			runOnlyForDeploymentPostprocessing = 0;
		};
/* End PBXResourcesBuildPhase section */

/* Begin PBXSourcesBuildPhase section */
		3B0EEA691C5D375D00286F1D /* Sources */ = {
			isa = PBXSourcesBuildPhase;
			buildActionMask = 2147483647;
			files = (
				3B0EEA8A1C5D376D00286F1D /* GlowLayer.m in Sources */,
				3B0EEA781C5D375D00286F1D /* ViewController.m in Sources */,
				3B0EEA751C5D375D00286F1D /* AppDelegate.m in Sources */,
				3B0EEA721C5D375D00286F1D /* main.m in Sources */,
			);
			runOnlyForDeploymentPostprocessing = 0;
		};
/* End PBXSourcesBuildPhase section */

/* Begin PBXVariantGroup section */
		3B0EEA791C5D375D00286F1D /* Main.storyboard */ = {
			isa = PBXVariantGroup;
			children = (
				3B0EEA7A1C5D375D00286F1D /* Base */,
			);
			name = Main.storyboard;
			sourceTree = "<group>";
		};
		3B0EEA7E1C5D375D00286F1D /* LaunchScreen.storyboard */ = {
			isa = PBXVariantGroup;
			children = (
				3B0EEA7F1C5D375D00286F1D /* Base */,
			);
			name = LaunchScreen.storyboard;
			sourceTree = "<group>";
		};
/* End PBXVariantGroup section */

/* Begin XCBuildConfiguration section */
		3B0EEA821C5D375D00286F1D /* Debug */ = {
			isa = XCBuildConfiguration;
			buildSettings = {
				ALWAYS_SEARCH_USER_PATHS = NO;
				CLANG_CXX_LANGUAGE_STANDARD = "gnu++0x";
				CLANG_CXX_LIBRARY = "libc++";
				CLANG_ENABLE_MODULES = YES;
				CLANG_ENABLE_OBJC_ARC = YES;
				CLANG_WARN_BOOL_CONVERSION = YES;
				CLANG_WARN_CONSTANT_CONVERSION = YES;
				CLANG_WARN_DIRECT_OBJC_ISA_USAGE = YES_ERROR;
				CLANG_WARN_EMPTY_BODY = YES;
				CLANG_WARN_ENUM_CONVERSION = YES;
				CLANG_WARN_INT_CONVERSION = YES;
				CLANG_WARN_OBJC_ROOT_CLASS = YES_ERROR;
				CLANG_WARN_UNREACHABLE_CODE = YES;
				CLANG_WARN__DUPLICATE_METHOD_MATCH = YES;
				"CODE_SIGN_IDENTITY[sdk=iphoneos*]" = "iPhone Developer";
				COPY_PHASE_STRIP = NO;
				DEBUG_INFORMATION_FORMAT = dwarf;
				ENABLE_STRICT_OBJC_MSGSEND = YES;
				ENABLE_TESTABILITY = YES;
				GCC_C_LANGUAGE_STANDARD = gnu99;
				GCC_DYNAMIC_NO_PIC = NO;
				GCC_NO_COMMON_BLOCKS = YES;
				GCC_OPTIMIZATION_LEVEL = 0;
				GCC_PREPROCESSOR_DEFINITIONS = (
					"DEBUG=1",
					"$(inherited)",
				);
				GCC_WARN_64_TO_32_BIT_CONVERSION = YES;
				GCC_WARN_ABOUT_RETURN_TYPE = YES_ERROR;
				GCC_WARN_UNDECLARED_SELECTOR = YES;
				GCC_WARN_UNINITIALIZED_AUTOS = YES_AGGRESSIVE;
				GCC_WARN_UNUSED_FUNCTION = YES;
				GCC_WARN_UNUSED_VARIABLE = YES;
				IPHONEOS_DEPLOYMENT_TARGET = 9.2;
				MTL_ENABLE_DEBUG_INFO = YES;
				ONLY_ACTIVE_ARCH = YES;
				SDKROOT = iphoneos;
				TARGETED_DEVICE_FAMILY = "1,2";
			};
			name = Debug;
		};
		3B0EEA831C5D375D00286F1D /* Release */ = {
			isa = XCBuildConfiguration;
			buildSettings = {
				ALWAYS_SEARCH_USER_PATHS = NO;
				CLANG_CXX_LANGUAGE_STANDARD = "gnu++0x";
				CLANG_CXX_LIBRARY = "libc++";
				CLANG_ENABLE_MODULES = YES;
				CLANG_ENABLE_OBJC_ARC = YES;
				CLANG_WARN_BOOL_CONVERSION = YES;
				CLANG_WARN_CONSTANT_CONVERSION = YES;
				CLANG_WARN_DIRECT_OBJC_ISA_USAGE = YES_ERROR;
				CLANG_WARN_EMPTY_BODY = YES;
				CLANG_WARN_ENUM_CONVERSION = YES;
				CLANG_WARN_INT_CONVERSION = YES;
				CLANG_WARN_OBJC_ROOT_CLASS = YES_ERROR;
				CLANG_WARN_UNREACHABLE_CODE = YES;
				CLANG_WARN__DUPLICATE_METHOD_MATCH = YES;
				"CODE_SIGN_IDENTITY[sdk=iphoneos*]" = "iPhone Developer";
				COPY_PHASE_STRIP = NO;
				DEBUG_INFORMATION_FORMAT = "dwarf-with-dsym";
				ENABLE_NS_ASSERTIONS = NO;
				ENABLE_STRICT_OBJC_MSGSEND = YES;
				GCC_C_LANGUAGE_STANDARD = gnu99;
				GCC_NO_COMMON_BLOCKS = YES;
				GCC_WARN_64_TO_32_BIT_CONVERSION = YES;
				GCC_WARN_ABOUT_RETURN_TYPE = YES_ERROR;
				GCC_WARN_UNDECLARED_SELECTOR = YES;
				GCC_WARN_UNINITIALIZED_AUTOS = YES_AGGRESSIVE;
				GCC_WARN_UNUSED_FUNCTION = YES;
				GCC_WARN_UNUSED_VARIABLE = YES;
				IPHONEOS_DEPLOYMENT_TARGET = 9.2;
				MTL_ENABLE_DEBUG_INFO = NO;
				SDKROOT = iphoneos;
				TARGETED_DEVICE_FAMILY = "1,2";
				VALIDATE_PRODUCT = YES;
			};
			name = Release;
		};
		3B0EEA851C5D375D00286F1D /* Debug */ = {
			isa = XCBuildConfiguration;
			buildSettings = {
				ASSETCATALOG_COMPILER_APPICON_NAME = AppIcon;
				INFOPLIST_FILE = GlowView/Info.plist;
				LD_RUNPATH_SEARCH_PATHS = "$(inherited) @executable_path/Frameworks";
				PRODUCT_BUNDLE_IDENTIFIER = com.goodboy.GlowView;
				PRODUCT_NAME = "$(TARGET_NAME)";
			};
			name = Debug;
		};
		3B0EEA861C5D375D00286F1D /* Release */ = {
			isa = XCBuildConfiguration;
			buildSettings = {
				ASSETCATALOG_COMPILER_APPICON_NAME = AppIcon;
				INFOPLIST_FILE = GlowView/Info.plist;
				LD_RUNPATH_SEARCH_PATHS = "$(inherited) @executable_path/Frameworks";
				PRODUCT_BUNDLE_IDENTIFIER = com.goodboy.GlowView;
				PRODUCT_NAME = "$(TARGET_NAME)";
			};
			name = Release;
		};
/* End XCBuildConfiguration section */

/* Begin XCConfigurationList section */
		3B0EEA681C5D375D00286F1D /* Build configuration list for PBXProject "GlowView" */ = {
			isa = XCConfigurationList;
			buildConfigurations = (
				3B0EEA821C5D375D00286F1D /* Debug */,
				3B0EEA831C5D375D00286F1D /* Release */,
			);
			defaultConfigurationIsVisible = 0;
			defaultConfigurationName = Release;
		};
		3B0EEA841C5D375D00286F1D /* Build configuration list for PBXNativeTarget "GlowView" */ = {
			isa = XCConfigurationList;
			buildConfigurations = (
				3B0EEA851C5D375D00286F1D /* Debug */,
				3B0EEA861C5D375D00286F1D /* Release */,
			);
			defaultConfigurationIsVisible = 0;
		};
/* End XCConfigurationList section */
	};
	rootObject = 3B0EEA651C5D375D00286F1D /* Project object */;
}
